// !$*UTF8*$!
{
	archiveVersion = 1;
	classes = {
	};
	objectVersion = 46;
	objects = {

/* Begin PBXBuildFile section */
		41DDD5681BCCF01500A7543F /* AppDelegate.swift in Sources */ = {isa = PBXBuildFile; fileRef = 41DDD5671BCCF01500A7543F /* AppDelegate.swift */; };
		41DDD56A1BCCF01500A7543F /* ViewController.swift in Sources */ = {isa = PBXBuildFile; fileRef = 41DDD5691BCCF01500A7543F /* ViewController.swift */; };
		41DDD56D1BCCF01500A7543F /* Main.storyboard in Resources */ = {isa = PBXBuildFile; fileRef = 41DDD56B1BCCF01500A7543F /* Main.storyboard */; };
		41DDD56F1BCCF01500A7543F /* Assets.xcassets in Resources */ = {isa = PBXBuildFile; fileRef = 41DDD56E1BCCF01500A7543F /* Assets.xcassets */; };
		41DDD5721BCCF01500A7543F /* LaunchScreen.storyboard in Resources */ = {isa = PBXBuildFile; fileRef = 41DDD5701BCCF01500A7543F /* LaunchScreen.storyboard */; };
		41DDD57D1BCCF01500A7543F /* CalculatorTests.swift in Sources */ = {isa = PBXBuildFile; fileRef = 41DDD57C1BCCF01500A7543F /* CalculatorTests.swift */; };
		41DDD5881BCCF01500A7543F /* CalculatorUITests.swift in Sources */ = {isa = PBXBuildFile; fileRef = 41DDD5871BCCF01500A7543F /* CalculatorUITests.swift */; };
/* End PBXBuildFile section */

/* Begin PBXContainerItemProxy section */
		41DDD5791BCCF01500A7543F /* PBXContainerItemProxy */ = {
			isa = PBXContainerItemProxy;
			containerPortal = 41DDD55C1BCCF01500A7543F /* Project object */;
			proxyType = 1;
			remoteGlobalIDString = 41DDD5631BCCF01500A7543F;
			remoteInfo = Calculator;
		};
		41DDD5841BCCF01500A7543F /* PBXContainerItemProxy */ = {
			isa = PBXContainerItemProxy;
			containerPortal = 41DDD55C1BCCF01500A7543F /* Project object */;
			proxyType = 1;
			remoteGlobalIDString = 41DDD5631BCCF01500A7543F;
			remoteInfo = Calculator;
		};
/* End PBXContainerItemProxy section */

/* Begin PBXFileReference section */
		41DDD5641BCCF01500A7543F /* Calculator.app */ = {isa = PBXFileReference; explicitFileType = wrapper.application; includeInIndex = 0; path = Calculator.app; sourceTree = BUILT_PRODUCTS_DIR; };
		41DDD5671BCCF01500A7543F /* AppDelegate.swift */ = {isa = PBXFileReference; lastKnownFileType = sourcecode.swift; path = AppDelegate.swift; sourceTree = "<group>"; };
		41DDD5691BCCF01500A7543F /* ViewController.swift */ = {isa = PBXFileReference; lastKnownFileType = sourcecode.swift; path = ViewController.swift; sourceTree = "<group>"; };
		41DDD56C1BCCF01500A7543F /* Base */ = {isa = PBXFileReference; lastKnownFileType = file.storyboard; name = Base; path = Base.lproj/Main.storyboard; sourceTree = "<group>"; };
		41DDD56E1BCCF01500A7543F /* Assets.xcassets */ = {isa = PBXFileReference; lastKnownFileType = folder.assetcatalog; path = Assets.xcassets; sourceTree = "<group>"; };
		41DDD5711BCCF01500A7543F /* Base */ = {isa = PBXFileReference; lastKnownFileType = file.storyboard; name = Base; path = Base.lproj/LaunchScreen.storyboard; sourceTree = "<group>"; };
		41DDD5731BCCF01500A7543F /* Info.plist */ = {isa = PBXFileReference; lastKnownFileType = text.plist.xml; path = Info.plist; sourceTree = "<group>"; };
		41DDD5781BCCF01500A7543F /* CalculatorTests.xctest */ = {isa = PBXFileReference; explicitFileType = wrapper.cfbundle; includeInIndex = 0; path = CalculatorTests.xctest; sourceTree = BUILT_PRODUCTS_DIR; };
		41DDD57C1BCCF01500A7543F /* CalculatorTests.swift */ = {isa = PBXFileReference; lastKnownFileType = sourcecode.swift; path = CalculatorTests.swift; sourceTree = "<group>"; };
		41DDD57E1BCCF01500A7543F /* Info.plist */ = {isa = PBXFileReference; lastKnownFileType = text.plist.xml; path = Info.plist; sourceTree = "<group>"; };
		41DDD5831BCCF01500A7543F /* CalculatorUITests.xctest */ = {isa = PBXFileReference; explicitFileType = wrapper.cfbundle; includeInIndex = 0; path = CalculatorUITests.xctest; sourceTree = BUILT_PRODUCTS_DIR; };
		41DDD5871BCCF01500A7543F /* CalculatorUITests.swift */ = {isa = PBXFileReference; lastKnownFileType = sourcecode.swift; path = CalculatorUITests.swift; sourceTree = "<group>"; };
		41DDD5891BCCF01500A7543F /* Info.plist */ = {isa = PBXFileReference; lastKnownFileType = text.plist.xml; path = Info.plist; sourceTree = "<group>"; };
/* End PBXFileReference section */

/* Begin PBXFrameworksBuildPhase section */
		41DDD5611BCCF01500A7543F /* Frameworks */ = {
			isa = PBXFrameworksBuildPhase;
			buildActionMask = 2147483647;
			files = (
			);
			runOnlyForDeploymentPostprocessing = 0;
		};
		41DDD5751BCCF01500A7543F /* Frameworks */ = {
			isa = PBXFrameworksBuildPhase;
			buildActionMask = 2147483647;
			files = (
			);
			runOnlyForDeploymentPostprocessing = 0;
		};
		41DDD5801BCCF01500A7543F /* Frameworks */ = {
			isa = PBXFrameworksBuildPhase;
			buildActionMask = 2147483647;
			files = (
			);
			runOnlyForDeploymentPostprocessing = 0;
		};
/* End PBXFrameworksBuildPhase section */

/* Begin PBXGroup section */
		41DDD55B1BCCF01500A7543F = {
			isa = PBXGroup;
			children = (
				41DDD5661BCCF01500A7543F /* Calculator */,
				41DDD57B1BCCF01500A7543F /* CalculatorTests */,
				41DDD5861BCCF01500A7543F /* CalculatorUITests */,
				41DDD5651BCCF01500A7543F /* Products */,
			);
			sourceTree = "<group>";
		};
		41DDD5651BCCF01500A7543F /* Products */ = {
			isa = PBXGroup;
			children = (
				41DDD5641BCCF01500A7543F /* Calculator.app */,
				41DDD5781BCCF01500A7543F /* CalculatorTests.xctest */,
				41DDD5831BCCF01500A7543F /* CalculatorUITests.xctest */,
			);
			name = Products;
			sourceTree = "<group>";
		};
		41DDD5661BCCF01500A7543F /* Calculator */ = {
			isa = PBXGroup;
			children = (
				41DDD5671BCCF01500A7543F /* AppDelegate.swift */,
				41DDD5691BCCF01500A7543F /* ViewController.swift */,
				41DDD56B1BCCF01500A7543F /* Main.storyboard */,
				41DDD56E1BCCF01500A7543F /* Assets.xcassets */,
				41DDD5701BCCF01500A7543F /* LaunchScreen.storyboard */,
				41DDD5731BCCF01500A7543F /* Info.plist */,
			);
			path = Calculator;
			sourceTree = "<group>";
		};
		41DDD57B1BCCF01500A7543F /* CalculatorTests */ = {
			isa = PBXGroup;
			children = (
				41DDD57C1BCCF01500A7543F /* CalculatorTests.swift */,
				41DDD57E1BCCF01500A7543F /* Info.plist */,
			);
			path = CalculatorTests;
			sourceTree = "<group>";
		};
		41DDD5861BCCF01500A7543F /* CalculatorUITests */ = {
			isa = PBXGroup;
			children = (
				41DDD5871BCCF01500A7543F /* CalculatorUITests.swift */,
				41DDD5891BCCF01500A7543F /* Info.plist */,
			);
			path = CalculatorUITests;
			sourceTree = "<group>";
		};
/* End PBXGroup section */

/* Begin PBXNativeTarget section */
		41DDD5631BCCF01500A7543F /* Calculator */ = {
			isa = PBXNativeTarget;
			buildConfigurationList = 41DDD58C1BCCF01500A7543F /* Build configuration list for PBXNativeTarget "Calculator" */;
			buildPhases = (
				41DDD5601BCCF01500A7543F /* Sources */,
				41DDD5611BCCF01500A7543F /* Frameworks */,
				41DDD5621BCCF01500A7543F /* Resources */,
			);
			buildRules = (
			);
			dependencies = (
			);
			name = Calculator;
			productName = Calculator;
			productReference = 41DDD5641BCCF01500A7543F /* Calculator.app */;
			productType = "com.apple.product-type.application";
		};
		41DDD5771BCCF01500A7543F /* CalculatorTests */ = {
			isa = PBXNativeTarget;
			buildConfigurationList = 41DDD58F1BCCF01500A7543F /* Build configuration list for PBXNativeTarget "CalculatorTests" */;
			buildPhases = (
				41DDD5741BCCF01500A7543F /* Sources */,
				41DDD5751BCCF01500A7543F /* Frameworks */,
				41DDD5761BCCF01500A7543F /* Resources */,
			);
			buildRules = (
			);
			dependencies = (
				41DDD57A1BCCF01500A7543F /* PBXTargetDependency */,
			);
			name = CalculatorTests;
			productName = CalculatorTests;
			productReference = 41DDD5781BCCF01500A7543F /* CalculatorTests.xctest */;
			productType = "com.apple.product-type.bundle.unit-test";
		};
		41DDD5821BCCF01500A7543F /* CalculatorUITests */ = {
			isa = PBXNativeTarget;
			buildConfigurationList = 41DDD5921BCCF01500A7543F /* Build configuration list for PBXNativeTarget "CalculatorUITests" */;
			buildPhases = (
				41DDD57F1BCCF01500A7543F /* Sources */,
				41DDD5801BCCF01500A7543F /* Frameworks */,
				41DDD5811BCCF01500A7543F /* Resources */,
			);
			buildRules = (
			);
			dependencies = (
				41DDD5851BCCF01500A7543F /* PBXTargetDependency */,
			);
			name = CalculatorUITests;
			productName = CalculatorUITests;
			productReference = 41DDD5831BCCF01500A7543F /* CalculatorUITests.xctest */;
			productType = "com.apple.product-type.bundle.ui-testing";
		};
/* End PBXNativeTarget section */

/* Begin PBXProject section */
		41DDD55C1BCCF01500A7543F /* Project object */ = {
			isa = PBXProject;
			attributes = {
				LastUpgradeCheck = 0700;
				ORGANIZATIONNAME = ellipse.lusai;
				TargetAttributes = {
					41DDD5631BCCF01500A7543F = {
						CreatedOnToolsVersion = 7.0.1;
					};
					41DDD5771BCCF01500A7543F = {
						CreatedOnToolsVersion = 7.0.1;
						TestTargetID = 41DDD5631BCCF01500A7543F;
					};
					41DDD5821BCCF01500A7543F = {
						CreatedOnToolsVersion = 7.0.1;
						TestTargetID = 41DDD5631BCCF01500A7543F;
					};
				};
			};
			buildConfigurationList = 41DDD55F1BCCF01500A7543F /* Build configuration list for PBXProject "Calculator" */;
			compatibilityVersion = "Xcode 3.2";
			developmentRegion = English;
			hasScannedForEncodings = 0;
			knownRegions = (
				en,
				Base,
			);
			mainGroup = 41DDD55B1BCCF01500A7543F;
			productRefGroup = 41DDD5651BCCF01500A7543F /* Products */;
			projectDirPath = "";
			projectRoot = "";
			targets = (
				41DDD5631BCCF01500A7543F /* Calculator */,
				41DDD5771BCCF01500A7543F /* CalculatorTests */,
				41DDD5821BCCF01500A7543F /* CalculatorUITests */,
			);
		};
/* End PBXProject section */

/* Begin PBXResourcesBuildPhase section */
		41DDD5621BCCF01500A7543F /* Resources */ = {
			isa = PBXResourcesBuildPhase;
			buildActionMask = 2147483647;
			files = (
				41DDD5721BCCF01500A7543F /* LaunchScreen.storyboard in Resources */,
				41DDD56F1BCCF01500A7543F /* Assets.xcassets in Resources */,
				41DDD56D1BCCF01500A7543F /* Main.storyboard in Resources */,
			);
			runOnlyForDeploymentPostprocessing = 0;
		};
		41DDD5761BCCF01500A7543F /* Resources */ = {
			isa = PBXResourcesBuildPhase;
			buildActionMask = 2147483647;
			files = (
			);
			runOnlyForDeploymentPostprocessing = 0;
		};
		41DDD5811BCCF01500A7543F /* Resources */ = {
			isa = PBXResourcesBuildPhase;
			buildActionMask = 2147483647;
			files = (
			);
			runOnlyForDeploymentPostprocessing = 0;
		};
/* End PBXResourcesBuildPhase section */

/* Begin PBXSourcesBuildPhase section */
		41DDD5601BCCF01500A7543F /* Sources */ = {
			isa = PBXSourcesBuildPhase;
			buildActionMask = 2147483647;
			files = (
				41DDD56A1BCCF01500A7543F /* ViewController.swift in Sources */,
				41DDD5681BCCF01500A7543F /* AppDelegate.swift in Sources */,
			);
			runOnlyForDeploymentPostprocessing = 0;
		};
		41DDD5741BCCF01500A7543F /* Sources */ = {
			isa = PBXSourcesBuildPhase;
			buildActionMask = 2147483647;
			files = (
				41DDD57D1BCCF01500A7543F /* CalculatorTests.swift in Sources */,
			);
			runOnlyForDeploymentPostprocessing = 0;
		};
		41DDD57F1BCCF01500A7543F /* Sources */ = {
			isa = PBXSourcesBuildPhase;
			buildActionMask = 2147483647;
			files = (
				41DDD5881BCCF01500A7543F /* CalculatorUITests.swift in Sources */,
			);
			runOnlyForDeploymentPostprocessing = 0;
		};
/* End PBXSourcesBuildPhase section */

/* Begin PBXTargetDependency section */
		41DDD57A1BCCF01500A7543F /* PBXTargetDependency */ = {
			isa = PBXTargetDependency;
			target = 41DDD5631BCCF01500A7543F /* Calculator */;
			targetProxy = 41DDD5791BCCF01500A7543F /* PBXContainerItemProxy */;
		};
		41DDD5851BCCF01500A7543F /* PBXTargetDependency */ = {
			isa = PBXTargetDependency;
			target = 41DDD5631BCCF01500A7543F /* Calculator */;
			targetProxy = 41DDD5841BCCF01500A7543F /* PBXContainerItemProxy */;
		};
/* End PBXTargetDependency section */

/* Begin PBXVariantGroup section */
		41DDD56B1BCCF01500A7543F /* Main.storyboard */ = {
			isa = PBXVariantGroup;
			children = (
				41DDD56C1BCCF01500A7543F /* Base */,
			);
			name = Main.storyboard;
			sourceTree = "<group>";
		};
		41DDD5701BCCF01500A7543F /* LaunchScreen.storyboard */ = {
			isa = PBXVariantGroup;
			children = (
				41DDD5711BCCF01500A7543F /* Base */,
			);
			name = LaunchScreen.storyboard;
			sourceTree = "<group>";
		};
/* End PBXVariantGroup section */

/* Begin XCBuildConfiguration section */
		41DDD58A1BCCF01500A7543F /* Debug */ = {
			isa = XCBuildConfiguration;
			buildSettings = {
				ALWAYS_SEARCH_USER_PATHS = NO;
				CLANG_CXX_LANGUAGE_STANDARD = "gnu++0x";
				CLANG_CXX_LIBRARY = "libc++";
				CLANG_ENABLE_MODULES = YES;
				CLANG_ENABLE_OBJC_ARC = YES;
				CLANG_WARN_BOOL_CONVERSION = YES;
				CLANG_WARN_CONSTANT_CONVERSION = YES;
				CLANG_WARN_DIRECT_OBJC_ISA_USAGE = YES_ERROR;
				CLANG_WARN_EMPTY_BODY = YES;
				CLANG_WARN_ENUM_CONVERSION = YES;
				CLANG_WARN_INT_CONVERSION = YES;
				CLANG_WARN_OBJC_ROOT_CLASS = YES_ERROR;
				CLANG_WARN_UNREACHABLE_CODE = YES;
				CLANG_WARN__DUPLICATE_METHOD_MATCH = YES;
				"CODE_SIGN_IDENTITY[sdk=iphoneos*]" = "iPhone Developer";
				COPY_PHASE_STRIP = NO;
				DEBUG_INFORMATION_FORMAT = dwarf;
				ENABLE_STRICT_OBJC_MSGSEND = YES;
				ENABLE_TESTABILITY = YES;
				GCC_C_LANGUAGE_STANDARD = gnu99;
				GCC_DYNAMIC_NO_PIC = NO;
				GCC_NO_COMMON_BLOCKS = YES;
				GCC_OPTIMIZATION_LEVEL = 0;
				GCC_PREPROCESSOR_DEFINITIONS = (
					"DEBUG=1",
					"$(inherited)",
				);
				GCC_WARN_64_TO_32_BIT_CONVERSION = YES;
				GCC_WARN_ABOUT_RETURN_TYPE = YES_ERROR;
				GCC_WARN_UNDECLARED_SELECTOR = YES;
				GCC_WARN_UNINITIALIZED_AUTOS = YES_AGGRESSIVE;
				GCC_WARN_UNUSED_FUNCTION = YES;
				GCC_WARN_UNUSED_VARIABLE = YES;
				IPHONEOS_DEPLOYMENT_TARGET = 9.0;
				MTL_ENABLE_DEBUG_INFO = YES;
				ONLY_ACTIVE_ARCH = YES;
				SDKROOT = iphoneos;
				SWIFT_OPTIMIZATION_LEVEL = "-Onone";
			};
			name = Debug;
		};
		41DDD58B1BCCF01500A7543F /* Release */ = {
			isa = XCBuildConfiguration;
			buildSettings = {
				ALWAYS_SEARCH_USER_PATHS = NO;
				CLANG_CXX_LANGUAGE_STANDARD = "gnu++0x";
				CLANG_CXX_LIBRARY = "libc++";
				CLANG_ENABLE_MODULES = YES;
				CLANG_ENABLE_OBJC_ARC = YES;
				CLANG_WARN_BOOL_CONVERSION = YES;
				CLANG_WARN_CONSTANT_CONVERSION = YES;
				CLANG_WARN_DIRECT_OBJC_ISA_USAGE = YES_ERROR;
				CLANG_WARN_EMPTY_BODY = YES;
				CLANG_WARN_ENUM_CONVERSION = YES;
				CLANG_WARN_INT_CONVERSION = YES;
				CLANG_WARN_OBJC_ROOT_CLASS = YES_ERROR;
				CLANG_WARN_UNREACHABLE_CODE = YES;
				CLANG_WARN__DUPLICATE_METHOD_MATCH = YES;
				"CODE_SIGN_IDENTITY[sdk=iphoneos*]" = "iPhone Developer";
				COPY_PHASE_STRIP = NO;
				DEBUG_INFORMATION_FORMAT = "dwarf-with-dsym";
				ENABLE_NS_ASSERTIONS = NO;
				ENABLE_STRICT_OBJC_MSGSEND = YES;
				GCC_C_LANGUAGE_STANDARD = gnu99;
				GCC_NO_COMMON_BLOCKS = YES;
				GCC_WARN_64_TO_32_BIT_CONVERSION = YES;
				GCC_WARN_ABOUT_RETURN_TYPE = YES_ERROR;
				GCC_WARN_UNDECLARED_SELECTOR = YES;
				GCC_WARN_UNINITIALIZED_AUTOS = YES_AGGRESSIVE;
				GCC_WARN_UNUSED_FUNCTION = YES;
				GCC_WARN_UNUSED_VARIABLE = YES;
				IPHONEOS_DEPLOYMENT_TARGET = 9.0;
				MTL_ENABLE_DEBUG_INFO = NO;
				SDKROOT = iphoneos;
				VALIDATE_PRODUCT = YES;
			};
			name = Release;
		};
		41DDD58D1BCCF01500A7543F /* Debug */ = {
			isa = XCBuildConfiguration;
			buildSettings = {
				ASSETCATALOG_COMPILER_APPICON_NAME = AppIcon;
				INFOPLIST_FILE = Calculator/Info.plist;
				LD_RUNPATH_SEARCH_PATHS = "$(inherited) @executable_path/Frameworks";
				PRODUCT_BUNDLE_IDENTIFIER = Lusai.Calculator;
				PRODUCT_NAME = "$(TARGET_NAME)";
			};
			name = Debug;
		};
		41DDD58E1BCCF01500A7543F /* Release */ = {
			isa = XCBuildConfiguration;
			buildSettings = {
				ASSETCATALOG_COMPILER_APPICON_NAME = AppIcon;
				INFOPLIST_FILE = Calculator/Info.plist;
				LD_RUNPATH_SEARCH_PATHS = "$(inherited) @executable_path/Frameworks";
				PRODUCT_BUNDLE_IDENTIFIER = Lusai.Calculator;
				PRODUCT_NAME = "$(TARGET_NAME)";
			};
			name = Release;
		};
		41DDD5901BCCF01500A7543F /* Debug */ = {
			isa = XCBuildConfiguration;
			buildSettings = {
				BUNDLE_LOADER = "$(TEST_HOST)";
				INFOPLIST_FILE = CalculatorTests/Info.plist;
				LD_RUNPATH_SEARCH_PATHS = "$(inherited) @executable_path/Frameworks @loader_path/Frameworks";
				PRODUCT_BUNDLE_IDENTIFIER = Lusai.CalculatorTests;
				PRODUCT_NAME = "$(TARGET_NAME)";
				TEST_HOST = "$(BUILT_PRODUCTS_DIR)/Calculator.app/Calculator";
			};
			name = Debug;
		};
		41DDD5911BCCF01500A7543F /* Release */ = {
			isa = XCBuildConfiguration;
			buildSettings = {
				BUNDLE_LOADER = "$(TEST_HOST)";
				INFOPLIST_FILE = CalculatorTests/Info.plist;
				LD_RUNPATH_SEARCH_PATHS = "$(inherited) @executable_path/Frameworks @loader_path/Frameworks";
				PRODUCT_BUNDLE_IDENTIFIER = Lusai.CalculatorTests;
				PRODUCT_NAME = "$(TARGET_NAME)";
				TEST_HOST = "$(BUILT_PRODUCTS_DIR)/Calculator.app/Calculator";
			};
			name = Release;
		};
		41DDD5931BCCF01500A7543F /* Debug */ = {
			isa = XCBuildConfiguration;
			buildSettings = {
				INFOPLIST_FILE = CalculatorUITests/Info.plist;
				LD_RUNPATH_SEARCH_PATHS = "$(inherited) @executable_path/Frameworks @loader_path/Frameworks";
				PRODUCT_BUNDLE_IDENTIFIER = Lusai.CalculatorUITests;
				PRODUCT_NAME = "$(TARGET_NAME)";
				TEST_TARGET_NAME = Calculator;
				USES_XCTRUNNER = YES;
			};
			name = Debug;
		};
		41DDD5941BCCF01500A7543F /* Release */ = {
			isa = XCBuildConfiguration;
			buildSettings = {
				INFOPLIST_FILE = CalculatorUITests/Info.plist;
				LD_RUNPATH_SEARCH_PATHS = "$(inherited) @executable_path/Frameworks @loader_path/Frameworks";
				PRODUCT_BUNDLE_IDENTIFIER = Lusai.CalculatorUITests;
				PRODUCT_NAME = "$(TARGET_NAME)";
				TEST_TARGET_NAME = Calculator;
				USES_XCTRUNNER = YES;
			};
			name = Release;
		};
/* End XCBuildConfiguration section */

/* Begin XCConfigurationList section */
		41DDD55F1BCCF01500A7543F /* Build configuration list for PBXProject "Calculator" */ = {
			isa = XCConfigurationList;
			buildConfigurations = (
				41DDD58A1BCCF01500A7543F /* Debug */,
				41DDD58B1BCCF01500A7543F /* Release */,
			);
			defaultConfigurationIsVisible = 0;
			defaultConfigurationName = Release;
		};
		41DDD58C1BCCF01500A7543F /* Build configuration list for PBXNativeTarget "Calculator" */ = {
			isa = XCConfigurationList;
			buildConfigurations = (
				41DDD58D1BCCF01500A7543F /* Debug */,
				41DDD58E1BCCF01500A7543F /* Release */,
			);
			defaultConfigurationIsVisible = 0;
		};
		41DDD58F1BCCF01500A7543F /* Build configuration list for PBXNativeTarget "CalculatorTests" */ = {
			isa = XCConfigurationList;
			buildConfigurations = (
				41DDD5901BCCF01500A7543F /* Debug */,
				41DDD5911BCCF01500A7543F /* Release */,
			);
			defaultConfigurationIsVisible = 0;
		};
		41DDD5921BCCF01500A7543F /* Build configuration list for PBXNativeTarget "CalculatorUITests" */ = {
			isa = XCConfigurationList;
			buildConfigurations = (
				41DDD5931BCCF01500A7543F /* Debug */,
				41DDD5941BCCF01500A7543F /* Release */,
			);
			defaultConfigurationIsVisible = 0;
		};
/* End XCConfigurationList section */
	};
	rootObject = 41DDD55C1BCCF01500A7543F /* Project object */;
}
